{
  "requires": true,
  "lockfileVersion": 1,
  "dependencies": {
    "@mendable/search": {
      "version": "0.0.104",
      "resolved": "https://registry.npmjs.org/@mendable/search/-/search-0.0.104.tgz",
      "integrity": "sha512-sV4avON+Grm5rFnrggGJSAVSspz7l25VXlnOOYj2y5o/fnFcvtBfhac7UE7wBUqeAg4do8hWdrfW6MOAVNVn9g==",
      "requires": {
        "posthog-js": "^1.45.1"
      }
    },
    "fflate": {
      "version": "0.4.8",
      "resolved": "https://registry.npmjs.org/fflate/-/fflate-0.4.8.tgz",
      "integrity": "sha512-FJqqoDBR00Mdj9ppamLa/Y7vxm+PRmNWA67N846RvsoYVMKB4q3y/de5PA7gUmRMYK/8CMz2GDZQmCRN1wBcWA=="
    },
    "js-tokens": {
      "version": "4.0.0",
      "resolved": "https://registry.npmjs.org/js-tokens/-/js-tokens-4.0.0.tgz",
      "integrity": "sha512-RdJUflcE3cUzKiMqQgsCu06FPu9UdIJO0beYbPhHN4k6apgJtifcoCtT9bcxOpYBtpD2kCM6Sbzg4CausW/PKQ=="
    },
    "loose-envify": {
      "version": "1.4.0",
      "resolved": "https://registry.npmjs.org/loose-envify/-/loose-envify-1.4.0.tgz",
      "integrity": "sha512-lyuxPGr/Wfhrlem2CL/UcnUc1zcqKAImBDzukY7Y5F/yQiNdko6+fRLevlw1HgMySw7f611UIY408EtxRSoK3Q==",
      "requires": {
        "js-tokens": "^3.0.0 || ^4.0.0"
      }
    },
    "posthog-js": {
      "version": "1.57.4",
      "resolved": "https://registry.npmjs.org/posthog-js/-/posthog-js-1.57.4.tgz",
      "integrity": "sha512-tD9F8AYQXKOD9Q1mUbT/KpAXqo0kp3W7sLC3qDb0ebV/5n7jUiJskLsRxM3NqzVCSd/Rk/DWlSHUHXq8if57iA==",
      "requires": {
        "fflate": "^0.4.1",
        "rrweb-snapshot": "^1.1.14"
      }
    },
    "react": {
      "version": "18.2.0",
      "resolved": "https://registry.npmjs.org/react/-/react-18.2.0.tgz",
      "integrity": "sha512-/3IjMdb2L9QbBdWiW5e3P2/npwMBaU9mHCSCUzNln0ZCYbcfTsGbTJrU/kGemdH2IWmB2ioZ+zkxtmq6g09fGQ==",
      "requires": {
        "loose-envify": "^1.1.0"
      }
    },
    "react-dom": {
      "version": "18.2.0",
      "resolved": "https://registry.npmjs.org/react-dom/-/react-dom-18.2.0.tgz",
      "integrity": "sha512-6IMTriUmvsjHUjNtEDudZfuDQUoWXVxKHhlEGSk81n4YFS+r/Kl99wXiwlVXtPBtJenozv2P+hxDsw9eA7Xo6g==",
      "requires": {
        "loose-envify": "^1.1.0",
        "scheduler": "^0.23.0"
      }
    },
    "rrweb-snapshot": {
      "version": "1.1.14",
      "resolved": "https://registry.npmjs.org/rrweb-snapshot/-/rrweb-snapshot-1.1.14.tgz",
      "integrity": "sha512-eP5pirNjP5+GewQfcOQY4uBiDnpqxNRc65yKPW0eSoU1XamDfc4M8oqpXGMyUyvLyxFDB0q0+DChuxxiU2FXBQ=="
    },
    "scheduler": {
      "version": "0.23.0",
      "resolved": "https://registry.npmjs.org/scheduler/-/scheduler-0.23.0.tgz",
      "integrity": "sha512-CtuThmgHNg7zIZWAXi3AsyIzA3n4xx7aNyjwC2VJldO2LMVDhFK+63xGqq6CsJH4rTAt6/M+N4GhZiDYPx9eUw==",
      "requires": {
        "loose-envify": "^1.1.0"
      }
    }
  }
}
