{
  "requires": true,
  "lockfileVersion": 1,
  "dependencies": {
    "@mendable/search": {
      "version": "0.0.104",
      "resolved": "https://registry.npmjs.org/@mendable/search/-/search-0.0.104.tgz",
      "integrity": "sha512-sV4avON+Grm5rFnrggGJSAVSspz7l25VXlnOOYj2y5o/fnFcvtBfhac7UE7wBUqeAg4do8hWdrfW6MOAVNVn9g==",
      "requires": {
        "posthog-js": "^1.45.1"
      }
    },
    "fflate": {
      "version": "0.4.8",
      "resolved": "https://registry.npmjs.org/fflate/-/fflate-0.4.8.tgz",
      "integrity": "sha512-FJqqoDBR00Mdj9ppamLa/Y7vxm+PRmNWA67N846RvsoYVMKB4q3y/de5PA7gUmRMYK/8CMz2GDZQmCRN1wBcWA=="
    },
    "posthog-js": {
      "version": "1.57.4",
      "resolved": "https://registry.npmjs.org/posthog-js/-/posthog-js-1.57.4.tgz",
      "integrity": "sha512-tD9F8AYQXKOD9Q1mUbT/KpAXqo0kp3W7sLC3qDb0ebV/5n7jUiJskLsRxM3NqzVCSd/Rk/DWlSHUHXq8if57iA==",
      "requires": {
        "fflate": "^0.4.1",
        "rrweb-snapshot": "^1.1.14"
      }
    },
    "rrweb-snapshot": {
      "version": "1.1.14",
      "resolved": "https://registry.npmjs.org/rrweb-snapshot/-/rrweb-snapshot-1.1.14.tgz",
      "integrity": "sha512-eP5pirNjP5+GewQfcOQY4uBiDnpqxNRc65yKPW0eSoU1XamDfc4M8oqpXGMyUyvLyxFDB0q0+DChuxxiU2FXBQ=="
    }
  }
}
